
Microsoft Visual Studio Solution File, Format Version 12.00
# Visual Studio Version 17
VisualStudioVersion = 17.11.35312.102
MinimumVisualStudioVersion = 10.0.40219.1
Project("{FAE04EC0-301F-11D3-BF4B-00C04F79EFBC}") = "HelminthFix", "plugins/HelminthFix.csproj", "{D26A5DF9-04EF-44AD-97E3-78F098E4BA79}"
EndProject
Global
	GlobalSection(SolutionConfigurationPlatforms) = preSolution
		Debug|Any CPU = Debug|Any CPU
		Release|Any CPU = Release|Any CPU
	EndGlobalSection
	GlobalSection(ProjectConfigurationPlatforms) = postSolution
		{D26A5DF9-04EF-44AD-97E3-78F098E4BA79}.Debug|Any CPU.ActiveCfg = Debug|Any CPU
		{D26A5DF9-04EF-44AD-97E3-78F098E4BA79}.Debug|Any CPU.Build.0 = Debug|Any CPU
		{D26A5DF9-04EF-44AD-97E3-78F098E4BA79}.Release|Any CPU.ActiveCfg = Release|Any CPU
		{D26A5DF9-04EF-44AD-97E3-78F098E4BA79}.Release|Any CPU.Build.0 = Release|Any CPU
	EndGlobalSection
	GlobalSection(SolutionProperties) = preSolution
		HideSolutionNode = FALSE
	EndGlobalSection
	GlobalSection(ExtensibilityGlobals) = postSolution
		SolutionGuid = {FB641DD3-B3EB-4A73-A48E-100CB775A392}
	EndGlobalSection
EndGlobal
